// !$*UTF8*$!
{
	archiveVersion = 1;
	classes = {
	};
	objectVersion = 46;
	objects = {

/* Begin PBXBuildFile section */
		CE2834131B668BCB00A54467 /* WebViewController.swift in Sources */ = {isa = PBXBuildFile; fileRef = CE2834121B668BCB00A54467 /* WebViewController.swift */; };
		CE2A48CC1B1E622400438A27 /* ParseClient.swift in Sources */ = {isa = PBXBuildFile; fileRef = CE2A48CB1B1E622400438A27 /* ParseClient.swift */; };
		CE2A48CE1B1E6EFB00438A27 /* WebClient.swift in Sources */ = {isa = PBXBuildFile; fileRef = CE2A48CD1B1E6EFB00438A27 /* WebClient.swift */; };
		CE2A48D01B1E74A800438A27 /* StudentInformation.swift in Sources */ = {isa = PBXBuildFile; fileRef = CE2A48CF1B1E74A800438A27 /* StudentInformation.swift */; };
		CE3C38B81B6528BE002A9CCD /* TabBarController.swift in Sources */ = {isa = PBXBuildFile; fileRef = CE3C38B71B6528BE002A9CCD /* TabBarController.swift */; };
		CE9F65481B211334009CE313 /* NavigationBarMenu.swift in Sources */ = {isa = PBXBuildFile; fileRef = CE9F65471B211334009CE313 /* NavigationBarMenu.swift */; };
		CEB5BE051B273856002B3D8B /* MapKitViewController.swift in Sources */ = {isa = PBXBuildFile; fileRef = CEB5BE041B273856002B3D8B /* MapKitViewController.swift */; };
		CEC993EB1B1B7AF30071B94E /* AppDelegate.swift in Sources */ = {isa = PBXBuildFile; fileRef = CEC993EA1B1B7AF30071B94E /* AppDelegate.swift */; };
		CEC993ED1B1B7AF30071B94E /* LoginViewController.swift in Sources */ = {isa = PBXBuildFile; fileRef = CEC993EC1B1B7AF30071B94E /* LoginViewController.swift */; };
		CEC993F01B1B7AF30071B94E /* Main.storyboard in Resources */ = {isa = PBXBuildFile; fileRef = CEC993EE1B1B7AF30071B94E /* Main.storyboard */; };
		CEC993F21B1B7AF30071B94E /* Images.xcassets in Resources */ = {isa = PBXBuildFile; fileRef = CEC993F11B1B7AF30071B94E /* Images.xcassets */; };
		CEC993F51B1B7AF30071B94E /* LaunchScreen.xib in Resources */ = {isa = PBXBuildFile; fileRef = CEC993F31B1B7AF30071B94E /* LaunchScreen.xib */; };
		CEC994011B1B7AF30071B94E /* OnTheMapTests.swift in Sources */ = {isa = PBXBuildFile; fileRef = CEC994001B1B7AF30071B94E /* OnTheMapTests.swift */; };
		CEC9940B1B1B827B0071B94E /* KeyboardContoller.swift in Sources */ = {isa = PBXBuildFile; fileRef = CEC9940A1B1B827B0071B94E /* KeyboardContoller.swift */; };
		CEC9940D1B1B8A450071B94E /* UdacityClient.swift in Sources */ = {isa = PBXBuildFile; fileRef = CEC9940C1B1B8A450071B94E /* UdacityClient.swift */; };
		CEC9940F1B1CA4580071B94E /* MapViewController.swift in Sources */ = {isa = PBXBuildFile; fileRef = CEC9940E1B1CA4580071B94E /* MapViewController.swift */; };
		CEC994111B1CA47A0071B94E /* TableTabViewController.swift in Sources */ = {isa = PBXBuildFile; fileRef = CEC994101B1CA47A0071B94E /* TableTabViewController.swift */; };
		CEC994131B1CA4C20071B94E /* InformationPostingViewController.swift in Sources */ = {isa = PBXBuildFile; fileRef = CEC994121B1CA4C20071B94E /* InformationPostingViewController.swift */; };
		CEEFC6F21B2A55B2004A247B /* MapAndTableViewController.swift in Sources */ = {isa = PBXBuildFile; fileRef = CEEFC6F11B2A55B2004A247B /* MapAndTableViewController.swift */; };
		CEEFC6F61B2D86A9004A247B /* Errors.swift in Sources */ = {isa = PBXBuildFile; fileRef = CEEFC6F51B2D86A9004A247B /* Errors.swift */; };
		CEEFC6FA1B352AFF004A247B /* TestingHelper.swift in Sources */ = {isa = PBXBuildFile; fileRef = CEEFC6F91B352AFF004A247B /* TestingHelper.swift */; };
/* End PBXBuildFile section */

/* Begin PBXContainerItemProxy section */
		CEC993FB1B1B7AF30071B94E /* PBXContainerItemProxy */ = {
			isa = PBXContainerItemProxy;
			containerPortal = CEC993DD1B1B7AF30071B94E /* Project object */;
			proxyType = 1;
			remoteGlobalIDString = CEC993E41B1B7AF30071B94E;
			remoteInfo = OnTheMap;
		};
/* End PBXContainerItemProxy section */

/* Begin PBXFileReference section */
		CE2834121B668BCB00A54467 /* WebViewController.swift */ = {isa = PBXFileReference; fileEncoding = 4; lastKnownFileType = sourcecode.swift; path = WebViewController.swift; sourceTree = "<group>"; };
		CE2A48CB1B1E622400438A27 /* ParseClient.swift */ = {isa = PBXFileReference; fileEncoding = 4; lastKnownFileType = sourcecode.swift; path = ParseClient.swift; sourceTree = "<group>"; };
		CE2A48CD1B1E6EFB00438A27 /* WebClient.swift */ = {isa = PBXFileReference; fileEncoding = 4; lastKnownFileType = sourcecode.swift; path = WebClient.swift; sourceTree = "<group>"; };
		CE2A48CF1B1E74A800438A27 /* StudentInformation.swift */ = {isa = PBXFileReference; fileEncoding = 4; lastKnownFileType = sourcecode.swift; path = StudentInformation.swift; sourceTree = "<group>"; };
		CE3C38B71B6528BE002A9CCD /* TabBarController.swift */ = {isa = PBXFileReference; fileEncoding = 4; lastKnownFileType = sourcecode.swift; path = TabBarController.swift; sourceTree = "<group>"; };
		CE9F65471B211334009CE313 /* NavigationBarMenu.swift */ = {isa = PBXFileReference; fileEncoding = 4; lastKnownFileType = sourcecode.swift; path = NavigationBarMenu.swift; sourceTree = "<group>"; };
		CEB5BE041B273856002B3D8B /* MapKitViewController.swift */ = {isa = PBXFileReference; fileEncoding = 4; lastKnownFileType = sourcecode.swift; path = MapKitViewController.swift; sourceTree = "<group>"; };
		CEC993E51B1B7AF30071B94E /* OnTheMap.app */ = {isa = PBXFileReference; explicitFileType = wrapper.application; includeInIndex = 0; path = OnTheMap.app; sourceTree = BUILT_PRODUCTS_DIR; };
		CEC993E91B1B7AF30071B94E /* Info.plist */ = {isa = PBXFileReference; lastKnownFileType = text.plist.xml; path = Info.plist; sourceTree = "<group>"; };
		CEC993EA1B1B7AF30071B94E /* AppDelegate.swift */ = {isa = PBXFileReference; lastKnownFileType = sourcecode.swift; path = AppDelegate.swift; sourceTree = "<group>"; };
		CEC993EC1B1B7AF30071B94E /* LoginViewController.swift */ = {isa = PBXFileReference; lastKnownFileType = sourcecode.swift; path = LoginViewController.swift; sourceTree = "<group>"; };
		CEC993EF1B1B7AF30071B94E /* Base */ = {isa = PBXFileReference; lastKnownFileType = file.storyboard; name = Base; path = Base.lproj/Main.storyboard; sourceTree = "<group>"; };
		CEC993F11B1B7AF30071B94E /* Images.xcassets */ = {isa = PBXFileReference; lastKnownFileType = folder.assetcatalog; path = Images.xcassets; sourceTree = "<group>"; };
		CEC993F41B1B7AF30071B94E /* Base */ = {isa = PBXFileReference; lastKnownFileType = file.xib; name = Base; path = Base.lproj/LaunchScreen.xib; sourceTree = "<group>"; };
		CEC993FA1B1B7AF30071B94E /* OnTheMapTests.xctest */ = {isa = PBXFileReference; explicitFileType = wrapper.cfbundle; includeInIndex = 0; path = OnTheMapTests.xctest; sourceTree = BUILT_PRODUCTS_DIR; };
		CEC993FF1B1B7AF30071B94E /* Info.plist */ = {isa = PBXFileReference; lastKnownFileType = text.plist.xml; path = Info.plist; sourceTree = "<group>"; };
		CEC994001B1B7AF30071B94E /* OnTheMapTests.swift */ = {isa = PBXFileReference; lastKnownFileType = sourcecode.swift; path = OnTheMapTests.swift; sourceTree = "<group>"; };
		CEC9940A1B1B827B0071B94E /* KeyboardContoller.swift */ = {isa = PBXFileReference; fileEncoding = 4; lastKnownFileType = sourcecode.swift; path = KeyboardContoller.swift; sourceTree = "<group>"; };
		CEC9940C1B1B8A450071B94E /* UdacityClient.swift */ = {isa = PBXFileReference; fileEncoding = 4; lastKnownFileType = sourcecode.swift; path = UdacityClient.swift; sourceTree = "<group>"; };
		CEC9940E1B1CA4580071B94E /* MapViewController.swift */ = {isa = PBXFileReference; fileEncoding = 4; lastKnownFileType = sourcecode.swift; path = MapViewController.swift; sourceTree = "<group>"; };
		CEC994101B1CA47A0071B94E /* TableTabViewController.swift */ = {isa = PBXFileReference; fileEncoding = 4; lastKnownFileType = sourcecode.swift; path = TableTabViewController.swift; sourceTree = "<group>"; };
		CEC994121B1CA4C20071B94E /* InformationPostingViewController.swift */ = {isa = PBXFileReference; fileEncoding = 4; lastKnownFileType = sourcecode.swift; path = InformationPostingViewController.swift; sourceTree = "<group>"; };
		CEEFC6F11B2A55B2004A247B /* MapAndTableViewController.swift */ = {isa = PBXFileReference; fileEncoding = 4; lastKnownFileType = sourcecode.swift; path = MapAndTableViewController.swift; sourceTree = "<group>"; };
		CEEFC6F51B2D86A9004A247B /* Errors.swift */ = {isa = PBXFileReference; fileEncoding = 4; lastKnownFileType = sourcecode.swift; path = Errors.swift; sourceTree = "<group>"; };
		CEEFC6F91B352AFF004A247B /* TestingHelper.swift */ = {isa = PBXFileReference; fileEncoding = 4; lastKnownFileType = sourcecode.swift; path = TestingHelper.swift; sourceTree = "<group>"; };
/* End PBXFileReference section */

/* Begin PBXFrameworksBuildPhase section */
		CEC993E21B1B7AF30071B94E /* Frameworks */ = {
			isa = PBXFrameworksBuildPhase;
			buildActionMask = 2147483647;
			files = (
			);
			runOnlyForDeploymentPostprocessing = 0;
		};
		CEC993F71B1B7AF30071B94E /* Frameworks */ = {
			isa = PBXFrameworksBuildPhase;
			buildActionMask = 2147483647;
			files = (
			);
			runOnlyForDeploymentPostprocessing = 0;
		};
/* End PBXFrameworksBuildPhase section */

/* Begin PBXGroup section */
		CEC993DC1B1B7AF30071B94E = {
			isa = PBXGroup;
			children = (
				CEC993E71B1B7AF30071B94E /* OnTheMap */,
				CEC993FD1B1B7AF30071B94E /* OnTheMapTests */,
				CEC993E61B1B7AF30071B94E /* Products */,
			);
			sourceTree = "<group>";
		};
		CEC993E61B1B7AF30071B94E /* Products */ = {
			isa = PBXGroup;
			children = (
				CEC993E51B1B7AF30071B94E /* OnTheMap.app */,
				CEC993FA1B1B7AF30071B94E /* OnTheMapTests.xctest */,
			);
			name = Products;
			sourceTree = "<group>";
		};
		CEC993E71B1B7AF30071B94E /* OnTheMap */ = {
			isa = PBXGroup;
			children = (
				CEEFC6F51B2D86A9004A247B /* Errors.swift */,
				CEC993EA1B1B7AF30071B94E /* AppDelegate.swift */,
				CEEFC6F71B352A7F004A247B /* Models */,
				CEEFC6F41B2D2AA9004A247B /* HelperClasses */,
				CEEFC6F31B2D2A74004A247B /* ViewControllers */,
				CEEFC6F81B352A9D004A247B /* Testing */,
				CEC993EE1B1B7AF30071B94E /* Main.storyboard */,
				CEC993F11B1B7AF30071B94E /* Images.xcassets */,
				CEC993F31B1B7AF30071B94E /* LaunchScreen.xib */,
				CEC993E81B1B7AF30071B94E /* Supporting Files */,
			);
			path = OnTheMap;
			sourceTree = "<group>";
		};
		CEC993E81B1B7AF30071B94E /* Supporting Files */ = {
			isa = PBXGroup;
			children = (
				CEC993E91B1B7AF30071B94E /* Info.plist */,
			);
			name = "Supporting Files";
			sourceTree = "<group>";
		};
		CEC993FD1B1B7AF30071B94E /* OnTheMapTests */ = {
			isa = PBXGroup;
			children = (
				CEC994001B1B7AF30071B94E /* OnTheMapTests.swift */,
				CEC993FE1B1B7AF30071B94E /* Supporting Files */,
			);
			path = OnTheMapTests;
			sourceTree = "<group>";
		};
		CEC993FE1B1B7AF30071B94E /* Supporting Files */ = {
			isa = PBXGroup;
			children = (
				CEC993FF1B1B7AF30071B94E /* Info.plist */,
			);
			name = "Supporting Files";
			sourceTree = "<group>";
		};
		CEEFC6F31B2D2A74004A247B /* ViewControllers */ = {
			isa = PBXGroup;
			children = (
				CEC993EC1B1B7AF30071B94E /* LoginViewController.swift */,
				CEC9940E1B1CA4580071B94E /* MapViewController.swift */,
				CEC994101B1CA47A0071B94E /* TableTabViewController.swift */,
				CEEFC6F11B2A55B2004A247B /* MapAndTableViewController.swift */,
				CEB5BE041B273856002B3D8B /* MapKitViewController.swift */,
				CEC994121B1CA4C20071B94E /* InformationPostingViewController.swift */,
				CE9F65471B211334009CE313 /* NavigationBarMenu.swift */,
				CE3C38B71B6528BE002A9CCD /* TabBarController.swift */,
				CE2834121B668BCB00A54467 /* WebViewController.swift */,
			);
			name = ViewControllers;
			sourceTree = "<group>";
		};
		CEEFC6F41B2D2AA9004A247B /* HelperClasses */ = {
			isa = PBXGroup;
			children = (
				CEC9940A1B1B827B0071B94E /* KeyboardContoller.swift */,
				CE2A48CD1B1E6EFB00438A27 /* WebClient.swift */,
				CEC9940C1B1B8A450071B94E /* UdacityClient.swift */,
				CE2A48CB1B1E622400438A27 /* ParseClient.swift */,
			);
			name = HelperClasses;
			sourceTree = "<group>";
		};
		CEEFC6F71B352A7F004A247B /* Models */ = {
			isa = PBXGroup;
			children = (
				CE2A48CF1B1E74A800438A27 /* StudentInformation.swift */,
			);
			name = Models;
			sourceTree = "<group>";
		};
		CEEFC6F81B352A9D004A247B /* Testing */ = {
			isa = PBXGroup;
			children = (
				CEEFC6F91B352AFF004A247B /* TestingHelper.swift */,
			);
			name = Testing;
			sourceTree = "<group>";
		};
/* End PBXGroup section */

/* Begin PBXNativeTarget section */
		CEC993E41B1B7AF30071B94E /* OnTheMap */ = {
			isa = PBXNativeTarget;
			buildConfigurationList = CEC994041B1B7AF30071B94E /* Build configuration list for PBXNativeTarget "OnTheMap" */;
			buildPhases = (
				CEC993E11B1B7AF30071B94E /* Sources */,
				CEC993E21B1B7AF30071B94E /* Frameworks */,
				CEC993E31B1B7AF30071B94E /* Resources */,
			);
			buildRules = (
			);
			dependencies = (
			);
			name = OnTheMap;
			productName = OnTheMap;
			productReference = CEC993E51B1B7AF30071B94E /* OnTheMap.app */;
			productType = "com.apple.product-type.application";
		};
		CEC993F91B1B7AF30071B94E /* OnTheMapTests */ = {
			isa = PBXNativeTarget;
			buildConfigurationList = CEC994071B1B7AF30071B94E /* Build configuration list for PBXNativeTarget "OnTheMapTests" */;
			buildPhases = (
				CEC993F61B1B7AF30071B94E /* Sources */,
				CEC993F71B1B7AF30071B94E /* Frameworks */,
				CEC993F81B1B7AF30071B94E /* Resources */,
			);
			buildRules = (
			);
			dependencies = (
				CEC993FC1B1B7AF30071B94E /* PBXTargetDependency */,
			);
			name = OnTheMapTests;
			productName = OnTheMapTests;
			productReference = CEC993FA1B1B7AF30071B94E /* OnTheMapTests.xctest */;
			productType = "com.apple.product-type.bundle.unit-test";
		};
/* End PBXNativeTarget section */

/* Begin PBXProject section */
		CEC993DD1B1B7AF30071B94E /* Project object */ = {
			isa = PBXProject;
			attributes = {
				LastSwiftUpdateCheck = 0710;
				LastUpgradeCheck = 0710;
				ORGANIZATIONNAME = Udacity;
				TargetAttributes = {
					CEC993E41B1B7AF30071B94E = {
						CreatedOnToolsVersion = 6.3.1;
						DevelopmentTeam = 72447Y9DVS;
					};
					CEC993F91B1B7AF30071B94E = {
						CreatedOnToolsVersion = 6.3.1;
						TestTargetID = CEC993E41B1B7AF30071B94E;
					};
				};
			};
			buildConfigurationList = CEC993E01B1B7AF30071B94E /* Build configuration list for PBXProject "OnTheMap" */;
			compatibilityVersion = "Xcode 3.2";
			developmentRegion = English;
			hasScannedForEncodings = 0;
			knownRegions = (
				en,
				Base,
			);
			mainGroup = CEC993DC1B1B7AF30071B94E;
			productRefGroup = CEC993E61B1B7AF30071B94E /* Products */;
			projectDirPath = "";
			projectRoot = "";
			targets = (
				CEC993E41B1B7AF30071B94E /* OnTheMap */,
				CEC993F91B1B7AF30071B94E /* OnTheMapTests */,
			);
		};
/* End PBXProject section */

/* Begin PBXResourcesBuildPhase section */
		CEC993E31B1B7AF30071B94E /* Resources */ = {
			isa = PBXResourcesBuildPhase;
			buildActionMask = 2147483647;
			files = (
				CEC993F01B1B7AF30071B94E /* Main.storyboard in Resources */,
				CEC993F51B1B7AF30071B94E /* LaunchScreen.xib in Resources */,
				CEC993F21B1B7AF30071B94E /* Images.xcassets in Resources */,
			);
			runOnlyForDeploymentPostprocessing = 0;
		};
		CEC993F81B1B7AF30071B94E /* Resources */ = {
			isa = PBXResourcesBuildPhase;
			buildActionMask = 2147483647;
			files = (
			);
			runOnlyForDeploymentPostprocessing = 0;
		};
/* End PBXResourcesBuildPhase section */

/* Begin PBXSourcesBuildPhase section */
		CEC993E11B1B7AF30071B94E /* Sources */ = {
			isa = PBXSourcesBuildPhase;
			buildActionMask = 2147483647;
			files = (
				CEC9940D1B1B8A450071B94E /* UdacityClient.swift in Sources */,
				CE3C38B81B6528BE002A9CCD /* TabBarController.swift in Sources */,
				CEEFC6F61B2D86A9004A247B /* Errors.swift in Sources */,
				CEC9940B1B1B827B0071B94E /* KeyboardContoller.swift in Sources */,
				CE2A48CE1B1E6EFB00438A27 /* WebClient.swift in Sources */,
				CEC993ED1B1B7AF30071B94E /* LoginViewController.swift in Sources */,
				CEC9940F1B1CA4580071B94E /* MapViewController.swift in Sources */,
				CEC994131B1CA4C20071B94E /* InformationPostingViewController.swift in Sources */,
				CEB5BE051B273856002B3D8B /* MapKitViewController.swift in Sources */,
				CEC993EB1B1B7AF30071B94E /* AppDelegate.swift in Sources */,
				CE9F65481B211334009CE313 /* NavigationBarMenu.swift in Sources */,
				CEEFC6F21B2A55B2004A247B /* MapAndTableViewController.swift in Sources */,
				CE2834131B668BCB00A54467 /* WebViewController.swift in Sources */,
				CEEFC6FA1B352AFF004A247B /* TestingHelper.swift in Sources */,
				CE2A48CC1B1E622400438A27 /* ParseClient.swift in Sources */,
				CE2A48D01B1E74A800438A27 /* StudentInformation.swift in Sources */,
				CEC994111B1CA47A0071B94E /* TableTabViewController.swift in Sources */,
			);
			runOnlyForDeploymentPostprocessing = 0;
		};
		CEC993F61B1B7AF30071B94E /* Sources */ = {
			isa = PBXSourcesBuildPhase;
			buildActionMask = 2147483647;
			files = (
				CEC994011B1B7AF30071B94E /* OnTheMapTests.swift in Sources */,
			);
			runOnlyForDeploymentPostprocessing = 0;
		};
/* End PBXSourcesBuildPhase section */

/* Begin PBXTargetDependency section */
		CEC993FC1B1B7AF30071B94E /* PBXTargetDependency */ = {
			isa = PBXTargetDependency;
			target = CEC993E41B1B7AF30071B94E /* OnTheMap */;
			targetProxy = CEC993FB1B1B7AF30071B94E /* PBXContainerItemProxy */;
		};
/* End PBXTargetDependency section */

/* Begin PBXVariantGroup section */
		CEC993EE1B1B7AF30071B94E /* Main.storyboard */ = {
			isa = PBXVariantGroup;
			children = (
				CEC993EF1B1B7AF30071B94E /* Base */,
			);
			name = Main.storyboard;
			sourceTree = "<group>";
		};
		CEC993F31B1B7AF30071B94E /* LaunchScreen.xib */ = {
			isa = PBXVariantGroup;
			children = (
				CEC993F41B1B7AF30071B94E /* Base */,
			);
			name = LaunchScreen.xib;
			sourceTree = "<group>";
		};
/* End PBXVariantGroup section */

/* Begin XCBuildConfiguration section */
		CEC994021B1B7AF30071B94E /* Debug */ = {
			isa = XCBuildConfiguration;
			buildSettings = {
				ALWAYS_SEARCH_USER_PATHS = NO;
				CLANG_CXX_LANGUAGE_STANDARD = "gnu++0x";
				CLANG_CXX_LIBRARY = "libc++";
				CLANG_ENABLE_MODULES = YES;
				CLANG_ENABLE_OBJC_ARC = YES;
				CLANG_WARN_BOOL_CONVERSION = YES;
				CLANG_WARN_CONSTANT_CONVERSION = YES;
				CLANG_WARN_DIRECT_OBJC_ISA_USAGE = YES_ERROR;
				CLANG_WARN_EMPTY_BODY = YES;
				CLANG_WARN_ENUM_CONVERSION = YES;
				CLANG_WARN_INT_CONVERSION = YES;
				CLANG_WARN_OBJC_ROOT_CLASS = YES_ERROR;
				CLANG_WARN_UNREACHABLE_CODE = YES;
				CLANG_WARN__DUPLICATE_METHOD_MATCH = YES;
				"CODE_SIGN_IDENTITY[sdk=iphoneos*]" = "iPhone Developer";
				COPY_PHASE_STRIP = NO;
				DEBUG_INFORMATION_FORMAT = "dwarf-with-dsym";
				ENABLE_STRICT_OBJC_MSGSEND = YES;
				ENABLE_TESTABILITY = YES;
				GCC_C_LANGUAGE_STANDARD = gnu99;
				GCC_DYNAMIC_NO_PIC = NO;
				GCC_NO_COMMON_BLOCKS = YES;
				GCC_OPTIMIZATION_LEVEL = 0;
				GCC_PREPROCESSOR_DEFINITIONS = (
					"DEBUG=1",
					"$(inherited)",
				);
				GCC_SYMBOLS_PRIVATE_EXTERN = NO;
				GCC_WARN_64_TO_32_BIT_CONVERSION = YES;
				GCC_WARN_ABOUT_RETURN_TYPE = YES_ERROR;
				GCC_WARN_UNDECLARED_SELECTOR = YES;
				GCC_WARN_UNINITIALIZED_AUTOS = YES_AGGRESSIVE;
				GCC_WARN_UNUSED_FUNCTION = YES;
				GCC_WARN_UNUSED_VARIABLE = YES;
				IPHONEOS_DEPLOYMENT_TARGET = 8.3;
				MTL_ENABLE_DEBUG_INFO = YES;
				ONLY_ACTIVE_ARCH = YES;
				SDKROOT = iphoneos;
				SWIFT_OPTIMIZATION_LEVEL = "-Onone";
			};
			name = Debug;
		};
		CEC994031B1B7AF30071B94E /* Release */ = {
			isa = XCBuildConfiguration;
			buildSettings = {
				ALWAYS_SEARCH_USER_PATHS = NO;
				CLANG_CXX_LANGUAGE_STANDARD = "gnu++0x";
				CLANG_CXX_LIBRARY = "libc++";
				CLANG_ENABLE_MODULES = YES;
				CLANG_ENABLE_OBJC_ARC = YES;
				CLANG_WARN_BOOL_CONVERSION = YES;
				CLANG_WARN_CONSTANT_CONVERSION = YES;
				CLANG_WARN_DIRECT_OBJC_ISA_USAGE = YES_ERROR;
				CLANG_WARN_EMPTY_BODY = YES;
				CLANG_WARN_ENUM_CONVERSION = YES;
				CLANG_WARN_INT_CONVERSION = YES;
				CLANG_WARN_OBJC_ROOT_CLASS = YES_ERROR;
				CLANG_WARN_UNREACHABLE_CODE = YES;
				CLANG_WARN__DUPLICATE_METHOD_MATCH = YES;
				"CODE_SIGN_IDENTITY[sdk=iphoneos*]" = "iPhone Developer";
				COPY_PHASE_STRIP = NO;
				DEBUG_INFORMATION_FORMAT = "dwarf-with-dsym";
				ENABLE_NS_ASSERTIONS = NO;
				ENABLE_STRICT_OBJC_MSGSEND = YES;
				GCC_C_LANGUAGE_STANDARD = gnu99;
				GCC_NO_COMMON_BLOCKS = YES;
				GCC_WARN_64_TO_32_BIT_CONVERSION = YES;
				GCC_WARN_ABOUT_RETURN_TYPE = YES_ERROR;
				GCC_WARN_UNDECLARED_SELECTOR = YES;
				GCC_WARN_UNINITIALIZED_AUTOS = YES_AGGRESSIVE;
				GCC_WARN_UNUSED_FUNCTION = YES;
				GCC_WARN_UNUSED_VARIABLE = YES;
				IPHONEOS_DEPLOYMENT_TARGET = 8.3;
				MTL_ENABLE_DEBUG_INFO = NO;
				SDKROOT = iphoneos;
				VALIDATE_PRODUCT = YES;
			};
			name = Release;
		};
		CEC994051B1B7AF30071B94E /* Debug */ = {
			isa = XCBuildConfiguration;
			buildSettings = {
				ASSETCATALOG_COMPILER_APPICON_NAME = AppIcon;
				CODE_SIGN_IDENTITY = "iPhone Developer";
				"CODE_SIGN_IDENTITY[sdk=iphoneos*]" = "iPhone Developer";
				INFOPLIST_FILE = OnTheMap/Info.plist;
				LD_RUNPATH_SEARCH_PATHS = "$(inherited) @executable_path/Frameworks";
				PRODUCT_BUNDLE_IDENTIFIER = "com.udacity.$(PRODUCT_NAME:rfc1034identifier)";
				PRODUCT_NAME = "$(TARGET_NAME)";
				PROVISIONING_PROFILE = "";
			};
			name = Debug;
		};
		CEC994061B1B7AF30071B94E /* Release */ = {
			isa = XCBuildConfiguration;
			buildSettings = {
				ASSETCATALOG_COMPILER_APPICON_NAME = AppIcon;
				CODE_SIGN_IDENTITY = "iPhone Developer";
				"CODE_SIGN_IDENTITY[sdk=iphoneos*]" = "iPhone Developer";
				INFOPLIST_FILE = OnTheMap/Info.plist;
				LD_RUNPATH_SEARCH_PATHS = "$(inherited) @executable_path/Frameworks";
				PRODUCT_BUNDLE_IDENTIFIER = "com.udacity.$(PRODUCT_NAME:rfc1034identifier)";
				PRODUCT_NAME = "$(TARGET_NAME)";
				PROVISIONING_PROFILE = "";
			};
			name = Release;
		};
		CEC994081B1B7AF30071B94E /* Debug */ = {
			isa = XCBuildConfiguration;
			buildSettings = {
				BUNDLE_LOADER = "$(TEST_HOST)";
				FRAMEWORK_SEARCH_PATHS = (
					"$(SDKROOT)/Developer/Library/Frameworks",
					"$(inherited)",
				);
				GCC_PREPROCESSOR_DEFINITIONS = (
					"DEBUG=1",
					"$(inherited)",
				);
				INFOPLIST_FILE = OnTheMapTests/Info.plist;
				LD_RUNPATH_SEARCH_PATHS = "$(inherited) @executable_path/Frameworks @loader_path/Frameworks";
				PRODUCT_BUNDLE_IDENTIFIER = "com.udacity.$(PRODUCT_NAME:rfc1034identifier)";
				PRODUCT_NAME = "$(TARGET_NAME)";
				TEST_HOST = "$(BUILT_PRODUCTS_DIR)/OnTheMap.app/OnTheMap";
			};
			name = Debug;
		};
		CEC994091B1B7AF30071B94E /* Release */ = {
			isa = XCBuildConfiguration;
			buildSettings = {
				BUNDLE_LOADER = "$(TEST_HOST)";
				FRAMEWORK_SEARCH_PATHS = (
					"$(SDKROOT)/Developer/Library/Frameworks",
					"$(inherited)",
				);
				INFOPLIST_FILE = OnTheMapTests/Info.plist;
				LD_RUNPATH_SEARCH_PATHS = "$(inherited) @executable_path/Frameworks @loader_path/Frameworks";
				PRODUCT_BUNDLE_IDENTIFIER = "com.udacity.$(PRODUCT_NAME:rfc1034identifier)";
				PRODUCT_NAME = "$(TARGET_NAME)";
				TEST_HOST = "$(BUILT_PRODUCTS_DIR)/OnTheMap.app/OnTheMap";
			};
			name = Release;
		};
/* End XCBuildConfiguration section */

/* Begin XCConfigurationList section */
		CEC993E01B1B7AF30071B94E /* Build configuration list for PBXProject "OnTheMap" */ = {
			isa = XCConfigurationList;
			buildConfigurations = (
				CEC994021B1B7AF30071B94E /* Debug */,
				CEC994031B1B7AF30071B94E /* Release */,
			);
			defaultConfigurationIsVisible = 0;
			defaultConfigurationName = Release;
		};
		CEC994041B1B7AF30071B94E /* Build configuration list for PBXNativeTarget "OnTheMap" */ = {
			isa = XCConfigurationList;
			buildConfigurations = (
				CEC994051B1B7AF30071B94E /* Debug */,
				CEC994061B1B7AF30071B94E /* Release */,
			);
			defaultConfigurationIsVisible = 0;
			defaultConfigurationName = Release;
		};
		CEC994071B1B7AF30071B94E /* Build configuration list for PBXNativeTarget "OnTheMapTests" */ = {
			isa = XCConfigurationList;
			buildConfigurations = (
				CEC994081B1B7AF30071B94E /* Debug */,
				CEC994091B1B7AF30071B94E /* Release */,
			);
			defaultConfigurationIsVisible = 0;
			defaultConfigurationName = Release;
		};
/* End XCConfigurationList section */
	};
	rootObject = CEC993DD1B1B7AF30071B94E /* Project object */;
}
